
Microsoft Visual Studio Solution File, Format Version 12.00
# Visual Studio Version 16
VisualStudioVersion = 16.0.28803.202
MinimumVisualStudioVersion = 10.0.40219.1
Project("{FAE04EC0-301F-11D3-BF4B-00C04F79EFBC}") = "E2_TablaMultiplicarHasta20", "E2_TablaMultiplicarHasta20\E2_TablaMultiplicarHasta20.csproj", "{C56961AC-0E2F-4297-9BFD-3E9BB5E7A2BA}"
EndProject
Global
	GlobalSection(SolutionConfigurationPlatforms) = preSolution
		Debug|Any CPU = Debug|Any CPU
		Release|Any CPU = Release|Any CPU
	EndGlobalSection
	GlobalSection(ProjectConfigurationPlatforms) = postSolution
		{C56961AC-0E2F-4297-9BFD-3E9BB5E7A2BA}.Debug|Any CPU.ActiveCfg = Debug|Any CPU
		{C56961AC-0E2F-4297-9BFD-3E9BB5E7A2BA}.Debug|Any CPU.Build.0 = Debug|Any CPU
		{C56961AC-0E2F-4297-9BFD-3E9BB5E7A2BA}.Release|Any CPU.ActiveCfg = Release|Any CPU
		{C56961AC-0E2F-4297-9BFD-3E9BB5E7A2BA}.Release|Any CPU.Build.0 = Release|Any CPU
	EndGlobalSection
	GlobalSection(SolutionProperties) = preSolution
		HideSolutionNode = FALSE
	EndGlobalSection
	GlobalSection(ExtensibilityGlobals) = postSolution
		SolutionGuid = {356CE380-341D-4810-827D-90B33D40A16A}
	EndGlobalSection
EndGlobal
